
Microsoft Visual Studio Solution File, Format Version 12.00
# Visual Studio Version 18
VisualStudioVersion = 18.3.11206.111 d18.3
MinimumVisualStudioVersion = 10.0.40219.1
Project("{FAE04EC0-301F-11D3-BF4B-00C04F79EFBC}") = "SydneyCoffee", "SydneyCoffee.csproj", "{FB2C2545-B570-5C45-229C-4CC44D9EA763}"
EndProject
Global
	GlobalSection(SolutionConfigurationPlatforms) = preSolution
		Debug|Any CPU = Debug|Any CPU
		Release|Any CPU = Release|Any CPU
	EndGlobalSection
	GlobalSection(ProjectConfigurationPlatforms) = postSolution
		{FB2C2545-B570-5C45-229C-4CC44D9EA763}.Debug|Any CPU.ActiveCfg = Debug|Any CPU
		{FB2C2545-B570-5C45-229C-4CC44D9EA763}.Debug|Any CPU.Build.0 = Debug|Any CPU
		{FB2C2545-B570-5C45-229C-4CC44D9EA763}.Release|Any CPU.ActiveCfg = Release|Any CPU
		{FB2C2545-B570-5C45-229C-4CC44D9EA763}.Release|Any CPU.Build.0 = Release|Any CPU
	EndGlobalSection
	GlobalSection(SolutionProperties) = preSolution
		HideSolutionNode = FALSE
	EndGlobalSection
	GlobalSection(ExtensibilityGlobals) = postSolution
		SolutionGuid = {6BE6486F-1AF0-4027-90BA-C24A1784C013}
	EndGlobalSection
EndGlobal
